
Microsoft Visual Studio Solution File, Format Version 12.00
# Visual Studio Version 17
VisualStudioVersion = 17.9.34701.34
MinimumVisualStudioVersion = 10.0.40219.1
Project("{FAE04EC0-301F-11D3-BF4B-00C04F79EFBC}") = "lab3ModeladoDatos", "lab3ModeladoDatos\lab3ModeladoDatos.csproj", "{02A8F021-227F-49F2-BD99-639521B8DCAC}"
EndProject
Global
	GlobalSection(SolutionConfigurationPlatforms) = preSolution
		Debug|Any CPU = Debug|Any CPU
		Release|Any CPU = Release|Any CPU
	EndGlobalSection
	GlobalSection(ProjectConfigurationPlatforms) = postSolution
		{02A8F021-227F-49F2-BD99-639521B8DCAC}.Debug|Any CPU.ActiveCfg = Debug|Any CPU
		{02A8F021-227F-49F2-BD99-639521B8DCAC}.Debug|Any CPU.Build.0 = Debug|Any CPU
		{02A8F021-227F-49F2-BD99-639521B8DCAC}.Release|Any CPU.ActiveCfg = Release|Any CPU
		{02A8F021-227F-49F2-BD99-639521B8DCAC}.Release|Any CPU.Build.0 = Release|Any CPU
	EndGlobalSection
	GlobalSection(SolutionProperties) = preSolution
		HideSolutionNode = FALSE
	EndGlobalSection
	GlobalSection(ExtensibilityGlobals) = postSolution
		SolutionGuid = {DCEA855B-9A52-43A5-9D3B-0146A362249D}
	EndGlobalSection
EndGlobal
